<?xml version="1.0" encoding="utf-8"?>
<Project ToolsVersion="4.0" xmlns="http://schemas.microsoft.com/developer/msbuild/2003">
  <ItemGroup>
    <Filter Include="ソース ファイル">
      <UniqueIdentifier>{4FC737F1-C7A5-4376-A066-2A32D752A2FF}</UniqueIdentifier>
      <Extensions>cpp;c;cc;cxx;c++;cppm;ixx;def;odl;idl;hpj;bat;asm;asmx</Extensions>
    </Filter>
    <Filter Include="ヘッダー ファイル">
      <UniqueIdentifier>{93995380-89BD-4b04-88EB-625FBE52EBFB}</UniqueIdentifier>
      <Extensions>h;hh;hpp;hxx;h++;hm;inl;inc;ipp;xsd</Extensions>
    </Filter>
    <Filter Include="リソース ファイル">
      <UniqueIdentifier>{67DA6AB6-F800-4c08-8B7A-83BB121AAD01}</UniqueIdentifier>
      <Extensions>rc;ico;cur;bmp;dlg;rc2;rct;bin;rgs;gif;jpg;jpeg;jpe;resx;tiff;tif;png;wav;mfcribbon-ms</Extensions>
    </Filter>
    <Filter Include="ソース ファイル\api">
      <UniqueIdentifier>{1f142170-bb47-401b-92e0-fa8b1e54d1a9}</UniqueIdentifier>
    </Filter>
    <Filter Include="ヘッダー ファイル\api">
      <UniqueIdentifier>{33cb126a-daca-49c9-b3ef-cc686cf97e56}</UniqueIdentifier>
    </Filter>
  </ItemGroup>
  <ItemGroup>
    <ClInclude Include="ArduinoCore-API\api\ArduinoAPI.h">
      <Filter>ヘッダー ファイル\api</Filter>
    </ClInclude>
    <ClInclude Include="ArduinoCore-API\api\Binary.h">
      <Filter>ヘッダー ファイル\api</Filter>
    </ClInclude>
    <ClInclude Include="ArduinoCore-API\api\CanMsg.h">
      <Filter>ヘッダー ファイル\api</Filter>
    </ClInclude>
    <ClInclude Include="ArduinoCore-API\api\CanMsgRingbuffer.h">
      <Filter>ヘッダー ファイル\api</Filter>
    </ClInclude>
    <ClInclude Include="ArduinoCore-API\api\Client.h">
      <Filter>ヘッダー ファイル\api</Filter>
    </ClInclude>
    <ClInclude Include="ArduinoCore-API\api\Common.h">
      <Filter>ヘッダー ファイル\api</Filter>
    </ClInclude>
    <ClInclude Include="ArduinoCore-API\api\Compat.h">
      <Filter>ヘッダー ファイル\api</Filter>
    </ClInclude>
    <ClInclude Include="ArduinoCore-API\api\DMAPool.h">
      <Filter>ヘッダー ファイル\api</Filter>
    </ClInclude>
    <ClInclude Include="ArduinoCore-API\api\HardwareCAN.h">
      <Filter>ヘッダー ファイル\api</Filter>
    </ClInclude>
    <ClInclude Include="ArduinoCore-API\api\HardwareI2C.h">
      <Filter>ヘッダー ファイル\api</Filter>
    </ClInclude>
    <ClInclude Include="ArduinoCore-API\api\HardwareSerial.h">
      <Filter>ヘッダー ファイル\api</Filter>
    </ClInclude>
    <ClInclude Include="ArduinoCore-API\api\HardwareSPI.h">
      <Filter>ヘッダー ファイル\api</Filter>
    </ClInclude>
    <ClInclude Include="ArduinoCore-API\api\Interrupts.h">
      <Filter>ヘッダー ファイル\api</Filter>
    </ClInclude>
    <ClInclude Include="ArduinoCore-API\api\IPAddress.h">
      <Filter>ヘッダー ファイル\api</Filter>
    </ClInclude>
    <ClInclude Include="ArduinoCore-API\api\itoa.h">
      <Filter>ヘッダー ファイル\api</Filter>
    </ClInclude>
    <ClInclude Include="ArduinoCore-API\api\PluggableUSB.h">
      <Filter>ヘッダー ファイル\api</Filter>
    </ClInclude>
    <ClInclude Include="ArduinoCore-API\api\Print.h">
      <Filter>ヘッダー ファイル\api</Filter>
    </ClInclude>
    <ClInclude Include="ArduinoCore-API\api\Printable.h">
      <Filter>ヘッダー ファイル\api</Filter>
    </ClInclude>
    <ClInclude Include="ArduinoCore-API\api\RingBuffer.h">
      <Filter>ヘッダー ファイル\api</Filter>
    </ClInclude>
    <ClInclude Include="ArduinoCore-API\api\Server.h">
      <Filter>ヘッダー ファイル\api</Filter>
    </ClInclude>
    <ClInclude Include="ArduinoCore-API\api\Stream.h">
      <Filter>ヘッダー ファイル\api</Filter>
    </ClInclude>
    <ClInclude Include="ArduinoCore-API\api\Udp.h">
      <Filter>ヘッダー ファイル\api</Filter>
    </ClInclude>
    <ClInclude Include="ArduinoCore-API\api\USBAPI.h">
      <Filter>ヘッダー ファイル\api</Filter>
    </ClInclude>
    <ClInclude Include="ArduinoCore-API\api\WCharacter.h">
      <Filter>ヘッダー ファイル\api</Filter>
    </ClInclude>
    <ClInclude Include="cores\Arduino\Arduino.h">
      <Filter>ヘッダー ファイル</Filter>
    </ClInclude>
    <ClInclude Include="ArduinoCore-API\api\WString.h">
      <Filter>ヘッダー ファイル\api</Filter>
    </ClInclude>
    <ClInclude Include="cores\Arduino\ConsoleSerial.h">
      <Filter>ヘッダー ファイル</Filter>
    </ClInclude>
  </ItemGroup>
  <ItemGroup>
    <ClCompile Include="ArduinoCore-API\api\CanMsg.cpp">
      <Filter>ソース ファイル\api</Filter>
    </ClCompile>
    <ClCompile Include="ArduinoCore-API\api\CanMsgRingbuffer.cpp">
      <Filter>ソース ファイル\api</Filter>
    </ClCompile>
    <ClCompile Include="ArduinoCore-API\api\Common.cpp">
      <Filter>ソース ファイル\api</Filter>
    </ClCompile>
    <ClCompile Include="ArduinoCore-API\api\IPAddress.cpp">
      <Filter>ソース ファイル\api</Filter>
    </ClCompile>
    <ClCompile Include="ArduinoCore-API\api\PluggableUSB.cpp">
      <Filter>ソース ファイル\api</Filter>
    </ClCompile>
    <ClCompile Include="ArduinoCore-API\api\Print.cpp">
      <Filter>ソース ファイル\api</Filter>
    </ClCompile>
    <ClCompile Include="ArduinoCore-API\api\Stream.cpp">
      <Filter>ソース ファイル\api</Filter>
    </ClCompile>
    <ClCompile Include="ArduinoCore-API\api\WString.cpp">
      <Filter>ソース ファイル\api</Filter>
    </ClCompile>
    <ClCompile Include="cores\Arduino\main.cpp">
      <Filter>ソース ファイル</Filter>
    </ClCompile>
    <ClCompile Include="cores\Arduino\ConsoleSerial.cpp">
      <Filter>ソース ファイル</Filter>
    </ClCompile>
    <ClCompile Include="cores\Arduino\delay.cpp">
      <Filter>ソース ファイル</Filter>
    </ClCompile>
    <ClCompile Include="cores\Arduino\wiring.cpp">
      <Filter>ソース ファイル</Filter>
    </ClCompile>
  </ItemGroup>
  <ItemGroup>
    <None Include=".editorconfig" />
  </ItemGroup>
</Project>